
Microsoft Visual Studio Solution File, Format Version 12.00
# Visual Studio Version 17
VisualStudioVersion = 17.1.32421.90
MinimumVisualStudioVersion = 10.0.40219.1
Project("{8BC9CEB8-8B4A-11D0-8D11-00A0C91BC942}") = "WS04_P2", "WS04_P2.vcxproj", "{89012BF7-0934-40F6-AF09-E22070BBE8A2}"
EndProject
Global
	GlobalSection(SolutionConfigurationPlatforms) = preSolution
		Debug|x64 = Debug|x64
		Debug|x86 = Debug|x86
		Release|x64 = Release|x64
		Release|x86 = Release|x86
	EndGlobalSection
	GlobalSection(ProjectConfigurationPlatforms) = postSolution
		{89012BF7-0934-40F6-AF09-E22070BBE8A2}.Debug|x64.ActiveCfg = Debug|x64
		{89012BF7-0934-40F6-AF09-E22070BBE8A2}.Debug|x64.Build.0 = Debug|x64
		{89012BF7-0934-40F6-AF09-E22070BBE8A2}.Debug|x86.ActiveCfg = Debug|Win32
		{89012BF7-0934-40F6-AF09-E22070BBE8A2}.Debug|x86.Build.0 = Debug|Win32
		{89012BF7-0934-40F6-AF09-E22070BBE8A2}.Release|x64.ActiveCfg = Release|x64
		{89012BF7-0934-40F6-AF09-E22070BBE8A2}.Release|x64.Build.0 = Release|x64
		{89012BF7-0934-40F6-AF09-E22070BBE8A2}.Release|x86.ActiveCfg = Release|Win32
		{89012BF7-0934-40F6-AF09-E22070BBE8A2}.Release|x86.Build.0 = Release|Win32
	EndGlobalSection
	GlobalSection(SolutionProperties) = preSolution
		HideSolutionNode = FALSE
	EndGlobalSection
	GlobalSection(ExtensibilityGlobals) = postSolution
		SolutionGuid = {438C4B43-EBA9-4418-A824-B3B829D22F44}
	EndGlobalSection
EndGlobal
